
Microsoft Visual Studio Solution File, Format Version 12.00
# Visual Studio 15
VisualStudioVersion = 15.0.28307.438
MinimumVisualStudioVersion = 10.0.40219.1
Project("{FAE04EC0-301F-11D3-BF4B-00C04F79EFBC}") = "InputLibrary", "InputLibrary\InputLibrary.csproj", "{79558CCC-51DB-4300-A190-F21CEA81FEB8}"
EndProject
Project("{FAE04EC0-301F-11D3-BF4B-00C04F79EFBC}") = "TestProject", "TestProject\TestProject.csproj", "{CC4C0BF5-4053-423D-9BD5-8DBD3CEBEF05}"
EndProject
Global
	GlobalSection(SolutionConfigurationPlatforms) = preSolution
		Debug|Any CPU = Debug|Any CPU
		Release|Any CPU = Release|Any CPU
	EndGlobalSection
	GlobalSection(ProjectConfigurationPlatforms) = postSolution
		{79558CCC-51DB-4300-A190-F21CEA81FEB8}.Debug|Any CPU.ActiveCfg = Debug|Any CPU
		{79558CCC-51DB-4300-A190-F21CEA81FEB8}.Debug|Any CPU.Build.0 = Debug|Any CPU
		{79558CCC-51DB-4300-A190-F21CEA81FEB8}.Release|Any CPU.ActiveCfg = Release|Any CPU
		{79558CCC-51DB-4300-A190-F21CEA81FEB8}.Release|Any CPU.Build.0 = Release|Any CPU
		{CC4C0BF5-4053-423D-9BD5-8DBD3CEBEF05}.Debug|Any CPU.ActiveCfg = Debug|Any CPU
		{CC4C0BF5-4053-423D-9BD5-8DBD3CEBEF05}.Debug|Any CPU.Build.0 = Debug|Any CPU
		{CC4C0BF5-4053-423D-9BD5-8DBD3CEBEF05}.Release|Any CPU.ActiveCfg = Release|Any CPU
		{CC4C0BF5-4053-423D-9BD5-8DBD3CEBEF05}.Release|Any CPU.Build.0 = Release|Any CPU
	EndGlobalSection
	GlobalSection(SolutionProperties) = preSolution
		HideSolutionNode = FALSE
	EndGlobalSection
	GlobalSection(ExtensibilityGlobals) = postSolution
		SolutionGuid = {01A842F7-D12A-4C71-A66A-85CC8F5CD5A1}
	EndGlobalSection
EndGlobal
